
Microsoft Visual Studio Solution File, Format Version 12.00
# Visual Studio Version 16
VisualStudioVersion = 16.0.30204.135
MinimumVisualStudioVersion = 10.0.40219.1
Project("{FAE04EC0-301F-11D3-BF4B-00C04F79EFBC}") = "EmployeeManagement.Models", "EmployeeManagement.Models\EmployeeManagement.Models.csproj", "{5812D0FF-B09D-4B7A-A6BF-C0AA17A02859}"
EndProject
Project("{9A19103F-16F7-4668-BE54-9A1E7A4F7556}") = "EmpoyeeManagement.Web", "EmpoyeeManagement.Web\EmpoyeeManagement.Web.csproj", "{648674A8-EA44-4876-B8CC-A6718AEE62D9}"
EndProject
Project("{FAE04EC0-301F-11D3-BF4B-00C04F79EFBC}") = "EmployeeManagement.Api", "EmployeeManagement.Api\EmployeeManagement.Api.csproj", "{DAC45FD2-4CC2-45FC-B7F4-B526CBE44C67}"
EndProject
Global
	GlobalSection(SolutionConfigurationPlatforms) = preSolution
		Debug|Any CPU = Debug|Any CPU
		Release|Any CPU = Release|Any CPU
	EndGlobalSection
	GlobalSection(ProjectConfigurationPlatforms) = postSolution
		{5812D0FF-B09D-4B7A-A6BF-C0AA17A02859}.Debug|Any CPU.ActiveCfg = Debug|Any CPU
		{5812D0FF-B09D-4B7A-A6BF-C0AA17A02859}.Debug|Any CPU.Build.0 = Debug|Any CPU
		{5812D0FF-B09D-4B7A-A6BF-C0AA17A02859}.Release|Any CPU.ActiveCfg = Release|Any CPU
		{5812D0FF-B09D-4B7A-A6BF-C0AA17A02859}.Release|Any CPU.Build.0 = Release|Any CPU
		{648674A8-EA44-4876-B8CC-A6718AEE62D9}.Debug|Any CPU.ActiveCfg = Debug|Any CPU
		{648674A8-EA44-4876-B8CC-A6718AEE62D9}.Debug|Any CPU.Build.0 = Debug|Any CPU
		{648674A8-EA44-4876-B8CC-A6718AEE62D9}.Release|Any CPU.ActiveCfg = Release|Any CPU
		{648674A8-EA44-4876-B8CC-A6718AEE62D9}.Release|Any CPU.Build.0 = Release|Any CPU
		{DAC45FD2-4CC2-45FC-B7F4-B526CBE44C67}.Debug|Any CPU.ActiveCfg = Debug|Any CPU
		{DAC45FD2-4CC2-45FC-B7F4-B526CBE44C67}.Debug|Any CPU.Build.0 = Debug|Any CPU
		{DAC45FD2-4CC2-45FC-B7F4-B526CBE44C67}.Release|Any CPU.ActiveCfg = Release|Any CPU
		{DAC45FD2-4CC2-45FC-B7F4-B526CBE44C67}.Release|Any CPU.Build.0 = Release|Any CPU
	EndGlobalSection
	GlobalSection(SolutionProperties) = preSolution
		HideSolutionNode = FALSE
	EndGlobalSection
	GlobalSection(ExtensibilityGlobals) = postSolution
		SolutionGuid = {B27320C9-E093-4C88-A106-F06DBAD1DFF0}
	EndGlobalSection
EndGlobal
